// !$*UTF8*$!
{
	archiveVersion = 1;
	classes = {
	};
	objectVersion = 46;
	objects = {

/* Begin PBXBuildFile section */
		3300CD611C655E38009C5E35 /* OptionsMenuViewController.m in Sources */ = {isa = PBXBuildFile; fileRef = 3300CD601C655E38009C5E35 /* OptionsMenuViewController.m */; };
		3300CD641C656DEE009C5E35 /* FinishedGameViewController.m in Sources */ = {isa = PBXBuildFile; fileRef = 3300CD631C656DEE009C5E35 /* FinishedGameViewController.m */; };
		3300D1B71C686D4F001DB35A /* backgroundMusic.mp3 in Resources */ = {isa = PBXBuildFile; fileRef = 3300D1B61C686D4F001DB35A /* backgroundMusic.mp3 */; };
		3310318E1C68198B006FEAC8 /* SoundManager.swift in Sources */ = {isa = PBXBuildFile; fileRef = 3310318D1C68198B006FEAC8 /* SoundManager.swift */; };
		3311349B1C63E93600003A68 /* GlobalHighscore.m in Sources */ = {isa = PBXBuildFile; fileRef = 3311349A1C63E93600003A68 /* GlobalHighscore.m */; };
		334777971C60EB51007B2894 /* main.m in Sources */ = {isa = PBXBuildFile; fileRef = 334777961C60EB51007B2894 /* main.m */; };
		3347779A1C60EB51007B2894 /* AppDelegate.m in Sources */ = {isa = PBXBuildFile; fileRef = 334777991C60EB51007B2894 /* AppDelegate.m */; };
		3347779D1C60EB51007B2894 /* GameViewController.m in Sources */ = {isa = PBXBuildFile; fileRef = 3347779C1C60EB51007B2894 /* GameViewController.m */; };
		334777A01C60EB52007B2894 /* Main.storyboard in Resources */ = {isa = PBXBuildFile; fileRef = 3347779E1C60EB52007B2894 /* Main.storyboard */; };
		334777A21C60EB52007B2894 /* Assets.xcassets in Resources */ = {isa = PBXBuildFile; fileRef = 334777A11C60EB52007B2894 /* Assets.xcassets */; };
		334777A51C60EB52007B2894 /* LaunchScreen.storyboard in Resources */ = {isa = PBXBuildFile; fileRef = 334777A31C60EB52007B2894 /* LaunchScreen.storyboard */; };
		334777B01C60EB52007B2894 /* MultitapTests.m in Sources */ = {isa = PBXBuildFile; fileRef = 334777AF1C60EB52007B2894 /* MultitapTests.m */; };
		334777BB1C60EB52007B2894 /* MultitapUITests.m in Sources */ = {isa = PBXBuildFile; fileRef = 334777BA1C60EB52007B2894 /* MultitapUITests.m */; };
		3357CF2B1C653C7000B6363E /* LocalHighscore.m in Sources */ = {isa = PBXBuildFile; fileRef = 3357CF2A1C653C7000B6363E /* LocalHighscore.m */; };
		3374400D1C615B5800798FFA /* FallingBlocksView.m in Sources */ = {isa = PBXBuildFile; fileRef = 3374400C1C615B5800798FFA /* FallingBlocksView.m */; };
		33D142911C63735600E44673 /* GameColors.m in Sources */ = {isa = PBXBuildFile; fileRef = 33D142901C63735600E44673 /* GameColors.m */; };
		33D4C1671C62962700F2250F /* MainMenuViewController.m in Sources */ = {isa = PBXBuildFile; fileRef = 33D4C1661C62962700F2250F /* MainMenuViewController.m */; };
		33D4C1691C62984800F2250F /* QuartzCore.framework in Frameworks */ = {isa = PBXBuildFile; fileRef = 33D4C1681C62984800F2250F /* QuartzCore.framework */; };
		33E8C64C1C660AEF00B3E5F1 /* MenuButtonView.m in Sources */ = {isa = PBXBuildFile; fileRef = 33E8C64B1C660AEF00B3E5F1 /* MenuButtonView.m */; };
		33E8C64E1C661C2A00B3E5F1 /* OptionsItemView.xib in Resources */ = {isa = PBXBuildFile; fileRef = 33E8C64D1C661C2A00B3E5F1 /* OptionsItemView.xib */; };
		33E8C6511C661D2D00B3E5F1 /* OptionsItemView.m in Sources */ = {isa = PBXBuildFile; fileRef = 33E8C6501C661D2D00B3E5F1 /* OptionsItemView.m */; };
		33E8C6551C66A61A00B3E5F1 /* ContactsManager.m in Sources */ = {isa = PBXBuildFile; fileRef = 33E8C6541C66A61A00B3E5F1 /* ContactsManager.m */; };
		6D5377AF7A593798DEE4C264 /* Pods_Multitap.framework in Frameworks */ = {isa = PBXBuildFile; fileRef = BA41720D372336EC5B904D21 /* Pods_Multitap.framework */; };
/* End PBXBuildFile section */

/* Begin PBXContainerItemProxy section */
		334777AC1C60EB52007B2894 /* PBXContainerItemProxy */ = {
			isa = PBXContainerItemProxy;
			containerPortal = 3347778A1C60EB51007B2894 /* Project object */;
			proxyType = 1;
			remoteGlobalIDString = 334777911C60EB51007B2894;
			remoteInfo = Multitap;
		};
		334777B71C60EB52007B2894 /* PBXContainerItemProxy */ = {
			isa = PBXContainerItemProxy;
			containerPortal = 3347778A1C60EB51007B2894 /* Project object */;
			proxyType = 1;
			remoteGlobalIDString = 334777911C60EB51007B2894;
			remoteInfo = Multitap;
		};
/* End PBXContainerItemProxy section */

/* Begin PBXFileReference section */
		3300CD5F1C655E38009C5E35 /* OptionsMenuViewController.h */ = {isa = PBXFileReference; fileEncoding = 4; lastKnownFileType = sourcecode.c.h; path = OptionsMenuViewController.h; sourceTree = "<group>"; };
		3300CD601C655E38009C5E35 /* OptionsMenuViewController.m */ = {isa = PBXFileReference; fileEncoding = 4; lastKnownFileType = sourcecode.c.objc; path = OptionsMenuViewController.m; sourceTree = "<group>"; };
		3300CD621C656DEE009C5E35 /* FinishedGameViewController.h */ = {isa = PBXFileReference; fileEncoding = 4; lastKnownFileType = sourcecode.c.h; path = FinishedGameViewController.h; sourceTree = "<group>"; };
		3300CD631C656DEE009C5E35 /* FinishedGameViewController.m */ = {isa = PBXFileReference; fileEncoding = 4; lastKnownFileType = sourcecode.c.objc; path = FinishedGameViewController.m; sourceTree = "<group>"; };
		3300D1B61C686D4F001DB35A /* backgroundMusic.mp3 */ = {isa = PBXFileReference; lastKnownFileType = audio.mp3; name = backgroundMusic.mp3; path = ../../../../../Downloads/backgroundMusic.mp3; sourceTree = "<group>"; };
		3310318D1C68198B006FEAC8 /* SoundManager.swift */ = {isa = PBXFileReference; fileEncoding = 4; lastKnownFileType = sourcecode.swift; path = SoundManager.swift; sourceTree = "<group>"; };
		331134991C63E93600003A68 /* GlobalHighscore.h */ = {isa = PBXFileReference; fileEncoding = 4; lastKnownFileType = sourcecode.c.h; path = GlobalHighscore.h; sourceTree = "<group>"; };
		3311349A1C63E93600003A68 /* GlobalHighscore.m */ = {isa = PBXFileReference; fileEncoding = 4; lastKnownFileType = sourcecode.c.objc; path = GlobalHighscore.m; sourceTree = "<group>"; };
		334777921C60EB51007B2894 /* Multitap.app */ = {isa = PBXFileReference; explicitFileType = wrapper.application; includeInIndex = 0; path = Multitap.app; sourceTree = BUILT_PRODUCTS_DIR; };
		334777961C60EB51007B2894 /* main.m */ = {isa = PBXFileReference; lastKnownFileType = sourcecode.c.objc; path = main.m; sourceTree = "<group>"; };
		334777981C60EB51007B2894 /* AppDelegate.h */ = {isa = PBXFileReference; lastKnownFileType = sourcecode.c.h; path = AppDelegate.h; sourceTree = "<group>"; };
		334777991C60EB51007B2894 /* AppDelegate.m */ = {isa = PBXFileReference; lastKnownFileType = sourcecode.c.objc; path = AppDelegate.m; sourceTree = "<group>"; };
		3347779B1C60EB51007B2894 /* GameViewController.h */ = {isa = PBXFileReference; lastKnownFileType = sourcecode.c.h; path = GameViewController.h; sourceTree = "<group>"; };
		3347779C1C60EB51007B2894 /* GameViewController.m */ = {isa = PBXFileReference; lastKnownFileType = sourcecode.c.objc; path = GameViewController.m; sourceTree = "<group>"; };
		3347779F1C60EB52007B2894 /* Base */ = {isa = PBXFileReference; lastKnownFileType = file.storyboard; name = Base; path = Base.lproj/Main.storyboard; sourceTree = "<group>"; };
		334777A11C60EB52007B2894 /* Assets.xcassets */ = {isa = PBXFileReference; lastKnownFileType = folder.assetcatalog; path = Assets.xcassets; sourceTree = "<group>"; };
		334777A41C60EB52007B2894 /* Base */ = {isa = PBXFileReference; lastKnownFileType = file.storyboard; name = Base; path = Base.lproj/LaunchScreen.storyboard; sourceTree = "<group>"; };
		334777A61C60EB52007B2894 /* Info.plist */ = {isa = PBXFileReference; lastKnownFileType = text.plist.xml; path = Info.plist; sourceTree = "<group>"; };
		334777AB1C60EB52007B2894 /* MultitapTests.xctest */ = {isa = PBXFileReference; explicitFileType = wrapper.cfbundle; includeInIndex = 0; path = MultitapTests.xctest; sourceTree = BUILT_PRODUCTS_DIR; };
		334777AF1C60EB52007B2894 /* MultitapTests.m */ = {isa = PBXFileReference; lastKnownFileType = sourcecode.c.objc; path = MultitapTests.m; sourceTree = "<group>"; };
		334777B11C60EB52007B2894 /* Info.plist */ = {isa = PBXFileReference; lastKnownFileType = text.plist.xml; path = Info.plist; sourceTree = "<group>"; };
		334777B61C60EB52007B2894 /* MultitapUITests.xctest */ = {isa = PBXFileReference; explicitFileType = wrapper.cfbundle; includeInIndex = 0; path = MultitapUITests.xctest; sourceTree = BUILT_PRODUCTS_DIR; };
		334777BA1C60EB52007B2894 /* MultitapUITests.m */ = {isa = PBXFileReference; lastKnownFileType = sourcecode.c.objc; path = MultitapUITests.m; sourceTree = "<group>"; };
		334777BC1C60EB52007B2894 /* Info.plist */ = {isa = PBXFileReference; lastKnownFileType = text.plist.xml; path = Info.plist; sourceTree = "<group>"; };
		3357CF291C653C7000B6363E /* LocalHighscore.h */ = {isa = PBXFileReference; fileEncoding = 4; lastKnownFileType = sourcecode.c.h; path = LocalHighscore.h; sourceTree = "<group>"; };
		3357CF2A1C653C7000B6363E /* LocalHighscore.m */ = {isa = PBXFileReference; fileEncoding = 4; lastKnownFileType = sourcecode.c.objc; path = LocalHighscore.m; sourceTree = "<group>"; };
		3374400B1C615B5800798FFA /* FallingBlocksView.h */ = {isa = PBXFileReference; fileEncoding = 4; lastKnownFileType = sourcecode.c.h; path = FallingBlocksView.h; sourceTree = "<group>"; };
		3374400C1C615B5800798FFA /* FallingBlocksView.m */ = {isa = PBXFileReference; fileEncoding = 4; lastKnownFileType = sourcecode.c.objc; path = FallingBlocksView.m; sourceTree = "<group>"; };
		33D1428F1C63735600E44673 /* GameColors.h */ = {isa = PBXFileReference; fileEncoding = 4; lastKnownFileType = sourcecode.c.h; path = GameColors.h; sourceTree = "<group>"; };
		33D142901C63735600E44673 /* GameColors.m */ = {isa = PBXFileReference; fileEncoding = 4; lastKnownFileType = sourcecode.c.objc; path = GameColors.m; sourceTree = "<group>"; };
		33D4C1651C62962700F2250F /* MainMenuViewController.h */ = {isa = PBXFileReference; fileEncoding = 4; lastKnownFileType = sourcecode.c.h; path = MainMenuViewController.h; sourceTree = "<group>"; };
		33D4C1661C62962700F2250F /* MainMenuViewController.m */ = {isa = PBXFileReference; fileEncoding = 4; lastKnownFileType = sourcecode.c.objc; path = MainMenuViewController.m; sourceTree = "<group>"; };
		33D4C1681C62984800F2250F /* QuartzCore.framework */ = {isa = PBXFileReference; lastKnownFileType = wrapper.framework; name = QuartzCore.framework; path = System/Library/Frameworks/QuartzCore.framework; sourceTree = SDKROOT; };
		33E8C64A1C660AEF00B3E5F1 /* MenuButtonView.h */ = {isa = PBXFileReference; fileEncoding = 4; lastKnownFileType = sourcecode.c.h; path = MenuButtonView.h; sourceTree = "<group>"; };
		33E8C64B1C660AEF00B3E5F1 /* MenuButtonView.m */ = {isa = PBXFileReference; fileEncoding = 4; lastKnownFileType = sourcecode.c.objc; path = MenuButtonView.m; sourceTree = "<group>"; };
		33E8C64D1C661C2A00B3E5F1 /* OptionsItemView.xib */ = {isa = PBXFileReference; fileEncoding = 4; lastKnownFileType = file.xib; path = OptionsItemView.xib; sourceTree = "<group>"; };
		33E8C64F1C661D2D00B3E5F1 /* OptionsItemView.h */ = {isa = PBXFileReference; fileEncoding = 4; lastKnownFileType = sourcecode.c.h; path = OptionsItemView.h; sourceTree = "<group>"; };
		33E8C6501C661D2D00B3E5F1 /* OptionsItemView.m */ = {isa = PBXFileReference; fileEncoding = 4; lastKnownFileType = sourcecode.c.objc; path = OptionsItemView.m; sourceTree = "<group>"; };
		33E8C6531C66A61A00B3E5F1 /* ContactsManager.h */ = {isa = PBXFileReference; fileEncoding = 4; lastKnownFileType = sourcecode.c.h; path = ContactsManager.h; sourceTree = "<group>"; };
		33E8C6541C66A61A00B3E5F1 /* ContactsManager.m */ = {isa = PBXFileReference; fileEncoding = 4; lastKnownFileType = sourcecode.c.objc; path = ContactsManager.m; sourceTree = "<group>"; };
		6C370903F8F25FC5F03B25E2 /* Pods-Multitap.debug.xcconfig */ = {isa = PBXFileReference; includeInIndex = 1; lastKnownFileType = text.xcconfig; name = "Pods-Multitap.debug.xcconfig"; path = "Pods/Target Support Files/Pods-Multitap/Pods-Multitap.debug.xcconfig"; sourceTree = "<group>"; };
		85A5A434FFA3A22E6FBCFEAE /* Pods-Multitap.release.xcconfig */ = {isa = PBXFileReference; includeInIndex = 1; lastKnownFileType = text.xcconfig; name = "Pods-Multitap.release.xcconfig"; path = "Pods/Target Support Files/Pods-Multitap/Pods-Multitap.release.xcconfig"; sourceTree = "<group>"; };
		BA41720D372336EC5B904D21 /* Pods_Multitap.framework */ = {isa = PBXFileReference; explicitFileType = wrapper.framework; includeInIndex = 0; path = Pods_Multitap.framework; sourceTree = BUILT_PRODUCTS_DIR; };
/* End PBXFileReference section */

/* Begin PBXFrameworksBuildPhase section */
		3347778F1C60EB51007B2894 /* Frameworks */ = {
			isa = PBXFrameworksBuildPhase;
			buildActionMask = 2147483647;
			files = (
				33D4C1691C62984800F2250F /* QuartzCore.framework in Frameworks */,
				6D5377AF7A593798DEE4C264 /* Pods_Multitap.framework in Frameworks */,
			);
			runOnlyForDeploymentPostprocessing = 0;
		};
		334777A81C60EB52007B2894 /* Frameworks */ = {
			isa = PBXFrameworksBuildPhase;
			buildActionMask = 2147483647;
			files = (
			);
			runOnlyForDeploymentPostprocessing = 0;
		};
		334777B31C60EB52007B2894 /* Frameworks */ = {
			isa = PBXFrameworksBuildPhase;
			buildActionMask = 2147483647;
			files = (
			);
			runOnlyForDeploymentPostprocessing = 0;
		};
/* End PBXFrameworksBuildPhase section */

/* Begin PBXGroup section */
		3300CD5E1C655CF2009C5E35 /* ViewControllers */ = {
			isa = PBXGroup;
			children = (
				3347779B1C60EB51007B2894 /* GameViewController.h */,
				3347779C1C60EB51007B2894 /* GameViewController.m */,
				33D4C1651C62962700F2250F /* MainMenuViewController.h */,
				33D4C1661C62962700F2250F /* MainMenuViewController.m */,
				3300CD5F1C655E38009C5E35 /* OptionsMenuViewController.h */,
				3300CD601C655E38009C5E35 /* OptionsMenuViewController.m */,
				3300CD621C656DEE009C5E35 /* FinishedGameViewController.h */,
				3300CD631C656DEE009C5E35 /* FinishedGameViewController.m */,
			);
			name = ViewControllers;
			sourceTree = "<group>";
		};
		331134961C63E4A500003A68 /* Models */ = {
			isa = PBXGroup;
			children = (
				331134981C63E4B700003A68 /* Local */,
				331134971C63E4B200003A68 /* Remote */,
			);
			name = Models;
			sourceTree = "<group>";
		};
		331134971C63E4B200003A68 /* Remote */ = {
			isa = PBXGroup;
			children = (
				331134991C63E93600003A68 /* GlobalHighscore.h */,
				3311349A1C63E93600003A68 /* GlobalHighscore.m */,
			);
			name = Remote;
			sourceTree = "<group>";
		};
		331134981C63E4B700003A68 /* Local */ = {
			isa = PBXGroup;
			children = (
				3357CF291C653C7000B6363E /* LocalHighscore.h */,
				3357CF2A1C653C7000B6363E /* LocalHighscore.m */,
			);
			name = Local;
			sourceTree = "<group>";
		};
		334777891C60EB51007B2894 = {
			isa = PBXGroup;
			children = (
				33D4C1681C62984800F2250F /* QuartzCore.framework */,
				334777941C60EB51007B2894 /* Multitap */,
				334777AE1C60EB52007B2894 /* MultitapTests */,
				334777B91C60EB52007B2894 /* MultitapUITests */,
				334777931C60EB51007B2894 /* Products */,
				B36C635CBFBBF922C8AF232E /* Pods */,
				DAC73EBCCF9ED97B4D8E1F94 /* Frameworks */,
			);
			sourceTree = "<group>";
		};
		334777931C60EB51007B2894 /* Products */ = {
			isa = PBXGroup;
			children = (
				334777921C60EB51007B2894 /* Multitap.app */,
				334777AB1C60EB52007B2894 /* MultitapTests.xctest */,
				334777B61C60EB52007B2894 /* MultitapUITests.xctest */,
			);
			name = Products;
			sourceTree = "<group>";
		};
		334777941C60EB51007B2894 /* Multitap */ = {
			isa = PBXGroup;
			children = (
				3310318D1C68198B006FEAC8 /* SoundManager.swift */,
				33869A8D1C682C4D0036BCC1 /* Resources */,
				3347779E1C60EB52007B2894 /* Main.storyboard */,
				3300CD5E1C655CF2009C5E35 /* ViewControllers */,
				331134961C63E4A500003A68 /* Models */,
				33743FFF1C613C1900798FFA /* Views */,
				334777981C60EB51007B2894 /* AppDelegate.h */,
				334777991C60EB51007B2894 /* AppDelegate.m */,
				334777A11C60EB52007B2894 /* Assets.xcassets */,
				334777A31C60EB52007B2894 /* LaunchScreen.storyboard */,
				334777A61C60EB52007B2894 /* Info.plist */,
				334777951C60EB51007B2894 /* Supporting Files */,
				33D1428F1C63735600E44673 /* GameColors.h */,
				33D142901C63735600E44673 /* GameColors.m */,
				33E8C6531C66A61A00B3E5F1 /* ContactsManager.h */,
				33E8C6541C66A61A00B3E5F1 /* ContactsManager.m */,
			);
			path = Multitap;
			sourceTree = "<group>";
		};
		334777951C60EB51007B2894 /* Supporting Files */ = {
			isa = PBXGroup;
			children = (
				334777961C60EB51007B2894 /* main.m */,
			);
			name = "Supporting Files";
			sourceTree = "<group>";
		};
		334777AE1C60EB52007B2894 /* MultitapTests */ = {
			isa = PBXGroup;
			children = (
				334777AF1C60EB52007B2894 /* MultitapTests.m */,
				334777B11C60EB52007B2894 /* Info.plist */,
			);
			path = MultitapTests;
			sourceTree = "<group>";
		};
		334777B91C60EB52007B2894 /* MultitapUITests */ = {
			isa = PBXGroup;
			children = (
				334777BA1C60EB52007B2894 /* MultitapUITests.m */,
				334777BC1C60EB52007B2894 /* Info.plist */,
			);
			path = MultitapUITests;
			sourceTree = "<group>";
		};
		33743FFF1C613C1900798FFA /* Views */ = {
			isa = PBXGroup;
			children = (
				3374400B1C615B5800798FFA /* FallingBlocksView.h */,
				3374400C1C615B5800798FFA /* FallingBlocksView.m */,
				33E8C64A1C660AEF00B3E5F1 /* MenuButtonView.h */,
				33E8C64B1C660AEF00B3E5F1 /* MenuButtonView.m */,
				33E8C64D1C661C2A00B3E5F1 /* OptionsItemView.xib */,
				33E8C64F1C661D2D00B3E5F1 /* OptionsItemView.h */,
				33E8C6501C661D2D00B3E5F1 /* OptionsItemView.m */,
			);
			name = Views;
			sourceTree = "<group>";
		};
		33869A8D1C682C4D0036BCC1 /* Resources */ = {
			isa = PBXGroup;
			children = (
				3300D1B61C686D4F001DB35A /* backgroundMusic.mp3 */,
			);
			name = Resources;
			sourceTree = "<group>";
		};
		B36C635CBFBBF922C8AF232E /* Pods */ = {
			isa = PBXGroup;
			children = (
				6C370903F8F25FC5F03B25E2 /* Pods-Multitap.debug.xcconfig */,
				85A5A434FFA3A22E6FBCFEAE /* Pods-Multitap.release.xcconfig */,
			);
			name = Pods;
			sourceTree = "<group>";
		};
		DAC73EBCCF9ED97B4D8E1F94 /* Frameworks */ = {
			isa = PBXGroup;
			children = (
				BA41720D372336EC5B904D21 /* Pods_Multitap.framework */,
			);
			name = Frameworks;
			sourceTree = "<group>";
		};
/* End PBXGroup section */

/* Begin PBXNativeTarget section */
		334777911C60EB51007B2894 /* Multitap */ = {
			isa = PBXNativeTarget;
			buildConfigurationList = 334777BF1C60EB52007B2894 /* Build configuration list for PBXNativeTarget "Multitap" */;
			buildPhases = (
				C06890DBD3C5C3C881AE6463 /* Check Pods Manifest.lock */,
				3347778E1C60EB51007B2894 /* Sources */,
				3347778F1C60EB51007B2894 /* Frameworks */,
				334777901C60EB51007B2894 /* Resources */,
				ACFEF4D397F98C828ACD2705 /* Embed Pods Frameworks */,
				8D9F2C0AA6B5506A09C155C3 /* Copy Pods Resources */,
			);
			buildRules = (
			);
			dependencies = (
			);
			name = Multitap;
			productName = Multitap;
			productReference = 334777921C60EB51007B2894 /* Multitap.app */;
			productType = "com.apple.product-type.application";
		};
		334777AA1C60EB52007B2894 /* MultitapTests */ = {
			isa = PBXNativeTarget;
			buildConfigurationList = 334777C21C60EB52007B2894 /* Build configuration list for PBXNativeTarget "MultitapTests" */;
			buildPhases = (
				334777A71C60EB52007B2894 /* Sources */,
				334777A81C60EB52007B2894 /* Frameworks */,
				334777A91C60EB52007B2894 /* Resources */,
			);
			buildRules = (
			);
			dependencies = (
				334777AD1C60EB52007B2894 /* PBXTargetDependency */,
			);
			name = MultitapTests;
			productName = MultitapTests;
			productReference = 334777AB1C60EB52007B2894 /* MultitapTests.xctest */;
			productType = "com.apple.product-type.bundle.unit-test";
		};
		334777B51C60EB52007B2894 /* MultitapUITests */ = {
			isa = PBXNativeTarget;
			buildConfigurationList = 334777C51C60EB52007B2894 /* Build configuration list for PBXNativeTarget "MultitapUITests" */;
			buildPhases = (
				334777B21C60EB52007B2894 /* Sources */,
				334777B31C60EB52007B2894 /* Frameworks */,
				334777B41C60EB52007B2894 /* Resources */,
			);
			buildRules = (
			);
			dependencies = (
				334777B81C60EB52007B2894 /* PBXTargetDependency */,
			);
			name = MultitapUITests;
			productName = MultitapUITests;
			productReference = 334777B61C60EB52007B2894 /* MultitapUITests.xctest */;
			productType = "com.apple.product-type.bundle.ui-testing";
		};
/* End PBXNativeTarget section */

/* Begin PBXProject section */
		3347778A1C60EB51007B2894 /* Project object */ = {
			isa = PBXProject;
			attributes = {
				LastUpgradeCheck = 0720;
				ORGANIZATIONNAME = Nick;
				TargetAttributes = {
					334777911C60EB51007B2894 = {
						CreatedOnToolsVersion = 7.2;
					};
					334777AA1C60EB52007B2894 = {
						CreatedOnToolsVersion = 7.2;
						TestTargetID = 334777911C60EB51007B2894;
					};
					334777B51C60EB52007B2894 = {
						CreatedOnToolsVersion = 7.2;
						TestTargetID = 334777911C60EB51007B2894;
					};
				};
			};
			buildConfigurationList = 3347778D1C60EB51007B2894 /* Build configuration list for PBXProject "Multitap" */;
			compatibilityVersion = "Xcode 3.2";
			developmentRegion = English;
			hasScannedForEncodings = 0;
			knownRegions = (
				en,
				Base,
			);
			mainGroup = 334777891C60EB51007B2894;
			productRefGroup = 334777931C60EB51007B2894 /* Products */;
			projectDirPath = "";
			projectRoot = "";
			targets = (
				334777911C60EB51007B2894 /* Multitap */,
				334777AA1C60EB52007B2894 /* MultitapTests */,
				334777B51C60EB52007B2894 /* MultitapUITests */,
			);
		};
/* End PBXProject section */

/* Begin PBXResourcesBuildPhase section */
		334777901C60EB51007B2894 /* Resources */ = {
			isa = PBXResourcesBuildPhase;
			buildActionMask = 2147483647;
			files = (
				334777A51C60EB52007B2894 /* LaunchScreen.storyboard in Resources */,
				334777A21C60EB52007B2894 /* Assets.xcassets in Resources */,
				3300D1B71C686D4F001DB35A /* backgroundMusic.mp3 in Resources */,
				33E8C64E1C661C2A00B3E5F1 /* OptionsItemView.xib in Resources */,
				334777A01C60EB52007B2894 /* Main.storyboard in Resources */,
			);
			runOnlyForDeploymentPostprocessing = 0;
		};
		334777A91C60EB52007B2894 /* Resources */ = {
			isa = PBXResourcesBuildPhase;
			buildActionMask = 2147483647;
			files = (
			);
			runOnlyForDeploymentPostprocessing = 0;
		};
		334777B41C60EB52007B2894 /* Resources */ = {
			isa = PBXResourcesBuildPhase;
			buildActionMask = 2147483647;
			files = (
			);
			runOnlyForDeploymentPostprocessing = 0;
		};
/* End PBXResourcesBuildPhase section */

/* Begin PBXShellScriptBuildPhase section */
		8D9F2C0AA6B5506A09C155C3 /* Copy Pods Resources */ = {
			isa = PBXShellScriptBuildPhase;
			buildActionMask = 2147483647;
			files = (
			);
			inputPaths = (
			);
			name = "Copy Pods Resources";
			outputPaths = (
			);
			runOnlyForDeploymentPostprocessing = 0;
			shellPath = /bin/sh;
			shellScript = "\"${SRCROOT}/Pods/Target Support Files/Pods-Multitap/Pods-Multitap-resources.sh\"\n";
			showEnvVarsInLog = 0;
		};
		ACFEF4D397F98C828ACD2705 /* Embed Pods Frameworks */ = {
			isa = PBXShellScriptBuildPhase;
			buildActionMask = 2147483647;
			files = (
			);
			inputPaths = (
			);
			name = "Embed Pods Frameworks";
			outputPaths = (
			);
			runOnlyForDeploymentPostprocessing = 0;
			shellPath = /bin/sh;
			shellScript = "\"${SRCROOT}/Pods/Target Support Files/Pods-Multitap/Pods-Multitap-frameworks.sh\"\n";
			showEnvVarsInLog = 0;
		};
		C06890DBD3C5C3C881AE6463 /* Check Pods Manifest.lock */ = {
			isa = PBXShellScriptBuildPhase;
			buildActionMask = 2147483647;
			files = (
			);
			inputPaths = (
			);
			name = "Check Pods Manifest.lock";
			outputPaths = (
			);
			runOnlyForDeploymentPostprocessing = 0;
			shellPath = /bin/sh;
			shellScript = "diff \"${PODS_ROOT}/../Podfile.lock\" \"${PODS_ROOT}/Manifest.lock\" > /dev/null\nif [[ $? != 0 ]] ; then\n    cat << EOM\nerror: The sandbox is not in sync with the Podfile.lock. Run 'pod install' or update your CocoaPods installation.\nEOM\n    exit 1\nfi\n";
			showEnvVarsInLog = 0;
		};
/* End PBXShellScriptBuildPhase section */

/* Begin PBXSourcesBuildPhase section */
		3347778E1C60EB51007B2894 /* Sources */ = {
			isa = PBXSourcesBuildPhase;
			buildActionMask = 2147483647;
			files = (
				3374400D1C615B5800798FFA /* FallingBlocksView.m in Sources */,
				3311349B1C63E93600003A68 /* GlobalHighscore.m in Sources */,
				3357CF2B1C653C7000B6363E /* LocalHighscore.m in Sources */,
				3347779D1C60EB51007B2894 /* GameViewController.m in Sources */,
				3347779A1C60EB51007B2894 /* AppDelegate.m in Sources */,
				33E8C6551C66A61A00B3E5F1 /* ContactsManager.m in Sources */,
				334777971C60EB51007B2894 /* main.m in Sources */,
				33E8C64C1C660AEF00B3E5F1 /* MenuButtonView.m in Sources */,
				3300CD611C655E38009C5E35 /* OptionsMenuViewController.m in Sources */,
				33D4C1671C62962700F2250F /* MainMenuViewController.m in Sources */,
				3300CD641C656DEE009C5E35 /* FinishedGameViewController.m in Sources */,
				33E8C6511C661D2D00B3E5F1 /* OptionsItemView.m in Sources */,
				33D142911C63735600E44673 /* GameColors.m in Sources */,
				3310318E1C68198B006FEAC8 /* SoundManager.swift in Sources */,
			);
			runOnlyForDeploymentPostprocessing = 0;
		};
		334777A71C60EB52007B2894 /* Sources */ = {
			isa = PBXSourcesBuildPhase;
			buildActionMask = 2147483647;
			files = (
				334777B01C60EB52007B2894 /* MultitapTests.m in Sources */,
			);
			runOnlyForDeploymentPostprocessing = 0;
		};
		334777B21C60EB52007B2894 /* Sources */ = {
			isa = PBXSourcesBuildPhase;
			buildActionMask = 2147483647;
			files = (
				334777BB1C60EB52007B2894 /* MultitapUITests.m in Sources */,
			);
			runOnlyForDeploymentPostprocessing = 0;
		};
/* End PBXSourcesBuildPhase section */

/* Begin PBXTargetDependency section */
		334777AD1C60EB52007B2894 /* PBXTargetDependency */ = {
			isa = PBXTargetDependency;
			target = 334777911C60EB51007B2894 /* Multitap */;
			targetProxy = 334777AC1C60EB52007B2894 /* PBXContainerItemProxy */;
		};
		334777B81C60EB52007B2894 /* PBXTargetDependency */ = {
			isa = PBXTargetDependency;
			target = 334777911C60EB51007B2894 /* Multitap */;
			targetProxy = 334777B71C60EB52007B2894 /* PBXContainerItemProxy */;
		};
/* End PBXTargetDependency section */

/* Begin PBXVariantGroup section */
		3347779E1C60EB52007B2894 /* Main.storyboard */ = {
			isa = PBXVariantGroup;
			children = (
				3347779F1C60EB52007B2894 /* Base */,
			);
			name = Main.storyboard;
			sourceTree = "<group>";
		};
		334777A31C60EB52007B2894 /* LaunchScreen.storyboard */ = {
			isa = PBXVariantGroup;
			children = (
				334777A41C60EB52007B2894 /* Base */,
			);
			name = LaunchScreen.storyboard;
			sourceTree = "<group>";
		};
/* End PBXVariantGroup section */

/* Begin XCBuildConfiguration section */
		334777BD1C60EB52007B2894 /* Debug */ = {
			isa = XCBuildConfiguration;
			buildSettings = {
				ALWAYS_SEARCH_USER_PATHS = NO;
				CLANG_CXX_LANGUAGE_STANDARD = "gnu++0x";
				CLANG_CXX_LIBRARY = "libc++";
				CLANG_ENABLE_MODULES = YES;
				CLANG_ENABLE_OBJC_ARC = YES;
				CLANG_WARN_BOOL_CONVERSION = YES;
				CLANG_WARN_CONSTANT_CONVERSION = YES;
				CLANG_WARN_DIRECT_OBJC_ISA_USAGE = YES_ERROR;
				CLANG_WARN_EMPTY_BODY = YES;
				CLANG_WARN_ENUM_CONVERSION = YES;
				CLANG_WARN_INT_CONVERSION = YES;
				CLANG_WARN_OBJC_ROOT_CLASS = YES_ERROR;
				CLANG_WARN_UNREACHABLE_CODE = YES;
				CLANG_WARN__DUPLICATE_METHOD_MATCH = YES;
				"CODE_SIGN_IDENTITY[sdk=iphoneos*]" = "iPhone Developer";
				COPY_PHASE_STRIP = NO;
				DEBUG_INFORMATION_FORMAT = dwarf;
				DEFINES_MODULE = YES;
				EMBEDDED_CONTENT_CONTAINS_SWIFT = YES;
				ENABLE_STRICT_OBJC_MSGSEND = YES;
				ENABLE_TESTABILITY = YES;
				GCC_C_LANGUAGE_STANDARD = gnu99;
				GCC_DYNAMIC_NO_PIC = NO;
				GCC_NO_COMMON_BLOCKS = YES;
				GCC_OPTIMIZATION_LEVEL = 0;
				GCC_PREPROCESSOR_DEFINITIONS = (
					"DEBUG=1",
					"$(inherited)",
				);
				GCC_WARN_64_TO_32_BIT_CONVERSION = YES;
				GCC_WARN_ABOUT_RETURN_TYPE = YES_ERROR;
				GCC_WARN_UNDECLARED_SELECTOR = YES;
				GCC_WARN_UNINITIALIZED_AUTOS = YES_AGGRESSIVE;
				GCC_WARN_UNUSED_FUNCTION = YES;
				GCC_WARN_UNUSED_VARIABLE = YES;
				IPHONEOS_DEPLOYMENT_TARGET = 9.2;
				MTL_ENABLE_DEBUG_INFO = YES;
				ONLY_ACTIVE_ARCH = YES;
				SDKROOT = iphoneos;
				SWIFT_OBJC_BRIDGING_HEADER = "$(SRCROOT)/Sources/SwiftBridging.h";
				TARGETED_DEVICE_FAMILY = "1,2";
			};
			name = Debug;
		};
		334777BE1C60EB52007B2894 /* Release */ = {
			isa = XCBuildConfiguration;
			buildSettings = {
				ALWAYS_SEARCH_USER_PATHS = NO;
				CLANG_CXX_LANGUAGE_STANDARD = "gnu++0x";
				CLANG_CXX_LIBRARY = "libc++";
				CLANG_ENABLE_MODULES = YES;
				CLANG_ENABLE_OBJC_ARC = YES;
				CLANG_WARN_BOOL_CONVERSION = YES;
				CLANG_WARN_CONSTANT_CONVERSION = YES;
				CLANG_WARN_DIRECT_OBJC_ISA_USAGE = YES_ERROR;
				CLANG_WARN_EMPTY_BODY = YES;
				CLANG_WARN_ENUM_CONVERSION = YES;
				CLANG_WARN_INT_CONVERSION = YES;
				CLANG_WARN_OBJC_ROOT_CLASS = YES_ERROR;
				CLANG_WARN_UNREACHABLE_CODE = YES;
				CLANG_WARN__DUPLICATE_METHOD_MATCH = YES;
				"CODE_SIGN_IDENTITY[sdk=iphoneos*]" = "iPhone Developer";
				COPY_PHASE_STRIP = NO;
				DEBUG_INFORMATION_FORMAT = "dwarf-with-dsym";
				DEFINES_MODULE = YES;
				EMBEDDED_CONTENT_CONTAINS_SWIFT = YES;
				ENABLE_NS_ASSERTIONS = NO;
				ENABLE_STRICT_OBJC_MSGSEND = YES;
				GCC_C_LANGUAGE_STANDARD = gnu99;
				GCC_NO_COMMON_BLOCKS = YES;
				GCC_WARN_64_TO_32_BIT_CONVERSION = YES;
				GCC_WARN_ABOUT_RETURN_TYPE = YES_ERROR;
				GCC_WARN_UNDECLARED_SELECTOR = YES;
				GCC_WARN_UNINITIALIZED_AUTOS = YES_AGGRESSIVE;
				GCC_WARN_UNUSED_FUNCTION = YES;
				GCC_WARN_UNUSED_VARIABLE = YES;
				IPHONEOS_DEPLOYMENT_TARGET = 9.2;
				MTL_ENABLE_DEBUG_INFO = NO;
				SDKROOT = iphoneos;
				SWIFT_OBJC_BRIDGING_HEADER = "$(SRCROOT)/Sources/SwiftBridging.h";
				TARGETED_DEVICE_FAMILY = "1,2";
				VALIDATE_PRODUCT = YES;
			};
			name = Release;
		};
		334777C01C60EB52007B2894 /* Debug */ = {
			isa = XCBuildConfiguration;
			baseConfigurationReference = 6C370903F8F25FC5F03B25E2 /* Pods-Multitap.debug.xcconfig */;
			buildSettings = {
				ASSETCATALOG_COMPILER_APPICON_NAME = AppIcon;
				CLANG_ENABLE_MODULES = YES;
				INFOPLIST_FILE = Multitap/Info.plist;
				LD_RUNPATH_SEARCH_PATHS = "$(inherited) @executable_path/Frameworks";
				PRODUCT_BUNDLE_IDENTIFIER = academyproject.Multitap;
				PRODUCT_NAME = "$(TARGET_NAME)";
				SWIFT_OBJC_BRIDGING_HEADER = "Multitap/Multitap-Bridging-Header.h";
				SWIFT_OPTIMIZATION_LEVEL = "-Onone";
			};
			name = Debug;
		};
		334777C11C60EB52007B2894 /* Release */ = {
			isa = XCBuildConfiguration;
			baseConfigurationReference = 85A5A434FFA3A22E6FBCFEAE /* Pods-Multitap.release.xcconfig */;
			buildSettings = {
				ASSETCATALOG_COMPILER_APPICON_NAME = AppIcon;
				CLANG_ENABLE_MODULES = YES;
				INFOPLIST_FILE = Multitap/Info.plist;
				LD_RUNPATH_SEARCH_PATHS = "$(inherited) @executable_path/Frameworks";
				PRODUCT_BUNDLE_IDENTIFIER = academyproject.Multitap;
				PRODUCT_NAME = "$(TARGET_NAME)";
				SWIFT_OBJC_BRIDGING_HEADER = "Multitap/Multitap-Bridging-Header.h";
			};
			name = Release;
		};
		334777C31C60EB52007B2894 /* Debug */ = {
			isa = XCBuildConfiguration;
			buildSettings = {
				BUNDLE_LOADER = "$(TEST_HOST)";
				INFOPLIST_FILE = MultitapTests/Info.plist;
				LD_RUNPATH_SEARCH_PATHS = "$(inherited) @executable_path/Frameworks @loader_path/Frameworks";
				PRODUCT_BUNDLE_IDENTIFIER = academyproject.MultitapTests;
				PRODUCT_NAME = "$(TARGET_NAME)";
				TEST_HOST = "$(BUILT_PRODUCTS_DIR)/Multitap.app/Multitap";
			};
			name = Debug;
		};
		334777C41C60EB52007B2894 /* Release */ = {
			isa = XCBuildConfiguration;
			buildSettings = {
				BUNDLE_LOADER = "$(TEST_HOST)";
				INFOPLIST_FILE = MultitapTests/Info.plist;
				LD_RUNPATH_SEARCH_PATHS = "$(inherited) @executable_path/Frameworks @loader_path/Frameworks";
				PRODUCT_BUNDLE_IDENTIFIER = academyproject.MultitapTests;
				PRODUCT_NAME = "$(TARGET_NAME)";
				TEST_HOST = "$(BUILT_PRODUCTS_DIR)/Multitap.app/Multitap";
			};
			name = Release;
		};
		334777C61C60EB52007B2894 /* Debug */ = {
			isa = XCBuildConfiguration;
			buildSettings = {
				INFOPLIST_FILE = MultitapUITests/Info.plist;
				LD_RUNPATH_SEARCH_PATHS = "$(inherited) @executable_path/Frameworks @loader_path/Frameworks";
				PRODUCT_BUNDLE_IDENTIFIER = academyproject.MultitapUITests;
				PRODUCT_NAME = "$(TARGET_NAME)";
				TEST_TARGET_NAME = Multitap;
				USES_XCTRUNNER = YES;
			};
			name = Debug;
		};
		334777C71C60EB52007B2894 /* Release */ = {
			isa = XCBuildConfiguration;
			buildSettings = {
				INFOPLIST_FILE = MultitapUITests/Info.plist;
				LD_RUNPATH_SEARCH_PATHS = "$(inherited) @executable_path/Frameworks @loader_path/Frameworks";
				PRODUCT_BUNDLE_IDENTIFIER = academyproject.MultitapUITests;
				PRODUCT_NAME = "$(TARGET_NAME)";
				TEST_TARGET_NAME = Multitap;
				USES_XCTRUNNER = YES;
			};
			name = Release;
		};
/* End XCBuildConfiguration section */

/* Begin XCConfigurationList section */
		3347778D1C60EB51007B2894 /* Build configuration list for PBXProject "Multitap" */ = {
			isa = XCConfigurationList;
			buildConfigurations = (
				334777BD1C60EB52007B2894 /* Debug */,
				334777BE1C60EB52007B2894 /* Release */,
			);
			defaultConfigurationIsVisible = 0;
			defaultConfigurationName = Release;
		};
		334777BF1C60EB52007B2894 /* Build configuration list for PBXNativeTarget "Multitap" */ = {
			isa = XCConfigurationList;
			buildConfigurations = (
				334777C01C60EB52007B2894 /* Debug */,
				334777C11C60EB52007B2894 /* Release */,
			);
			defaultConfigurationIsVisible = 0;
			defaultConfigurationName = Release;
		};
		334777C21C60EB52007B2894 /* Build configuration list for PBXNativeTarget "MultitapTests" */ = {
			isa = XCConfigurationList;
			buildConfigurations = (
				334777C31C60EB52007B2894 /* Debug */,
				334777C41C60EB52007B2894 /* Release */,
			);
			defaultConfigurationIsVisible = 0;
			defaultConfigurationName = Release;
		};
		334777C51C60EB52007B2894 /* Build configuration list for PBXNativeTarget "MultitapUITests" */ = {
			isa = XCConfigurationList;
			buildConfigurations = (
				334777C61C60EB52007B2894 /* Debug */,
				334777C71C60EB52007B2894 /* Release */,
			);
			defaultConfigurationIsVisible = 0;
			defaultConfigurationName = Release;
		};
/* End XCConfigurationList section */
	};
	rootObject = 3347778A1C60EB51007B2894 /* Project object */;
}
